
Microsoft Visual Studio Solution File, Format Version 12.00
# Visual Studio Version 17
VisualStudioVersion = 17.6.33829.357
MinimumVisualStudioVersion = 10.0.40219.1
Project("{FAE04EC0-301F-11D3-BF4B-00C04F79EFBC}") = "GamerHeavenAPI", "GamerHeavenAPI\GamerHeavenAPI.csproj", "{70A238D9-F068-4640-9E4F-B54A8FB38240}"
EndProject
Global
	GlobalSection(SolutionConfigurationPlatforms) = preSolution
		Debug|Any CPU = Debug|Any CPU
		Release|Any CPU = Release|Any CPU
	EndGlobalSection
	GlobalSection(ProjectConfigurationPlatforms) = postSolution
		{70A238D9-F068-4640-9E4F-B54A8FB38240}.Debug|Any CPU.ActiveCfg = Debug|Any CPU
		{70A238D9-F068-4640-9E4F-B54A8FB38240}.Debug|Any CPU.Build.0 = Debug|Any CPU
		{70A238D9-F068-4640-9E4F-B54A8FB38240}.Release|Any CPU.ActiveCfg = Release|Any CPU
		{70A238D9-F068-4640-9E4F-B54A8FB38240}.Release|Any CPU.Build.0 = Release|Any CPU
	EndGlobalSection
	GlobalSection(SolutionProperties) = preSolution
		HideSolutionNode = FALSE
	EndGlobalSection
	GlobalSection(ExtensibilityGlobals) = postSolution
		SolutionGuid = {9340A751-6FC5-471B-8A7E-7D34FE2AC895}
	EndGlobalSection
EndGlobal
